{
  "version": 1,
  "dependencies": {
    ".NETnanoFramework,Version=v1.0": {
      "nanoFramework.System.Math": {
        "type": "Direct",
        "requested": "[1.5.29, 1.5.29]",
        "resolved": "1.5.29",
        "contentHash": "PyufZzrtDA7HKCbrbOEbqDhaWK5vflJmAi7RJ+a4cPLMmO9cSWc0dUbylMg6Wxg7Ggu1VmcPqfCIZPFHbx5/2A=="
      }
    }
  }
}